{
  "name": "project5",
  "version": "1.0.0",
  "lockfileVersion": 1,
  "requires": true,
  "dependencies": {
    "electron-find": {
      "version": "1.0.4",
      "resolved": "https://registry.npmjs.org/electron-find/-/electron-find-1.0.4.tgz",
      "integrity": "sha512-ZZK0PaxRJU47CGUxZgpbyLz29pr/hsQdXtMPNDJfX5q6EK1zPElSAmCwtvYleTam+URZ9326XNFGTLL5CWDwUA=="
    }
  }
}
